{
  "name": "three_js_animated",
  "version": "1.0.0",
  "lockfileVersion": 3,
  "requires": true,
  "packages": {
    "": {
      "name": "three_js_animated",
      "version": "1.0.0",
      "license": "MIT",
      "dependencies": {
        "three": "^0.167.1",
        "three-gltf-loader": "^1.111.0"
      }
    },
    "node_modules/three": {
      "version": "0.167.1",
      "resolved": "https://registry.npmjs.org/three/-/three-0.167.1.tgz",
      "integrity": "sha512-gYTLJA/UQip6J/tJvl91YYqlZF47+D/kxiWrbTon35ZHlXEN0VOo+Qke2walF1/x92v55H6enomymg4Dak52kw==",
      "license": "MIT"
    },
    "node_modules/three-gltf-loader": {
      "version": "1.111.0",
      "resolved": "https://registry.npmjs.org/three-gltf-loader/-/three-gltf-loader-1.111.0.tgz",
      "integrity": "sha512-f2d6J5sMEC+dvRcpRjE8g9vqtvpNfnR7bgd+R7Y0dj2mmHwKN5luKe/WYA0Z9+j7mhjla/AC5DGxdXsu8wFhug==",
      "deprecated": "Starting with three.js r103, GLTFLoader is included in the three package itself and installing three-gltf-loader is no longer necessary. It can be imported from 'three/examples/jsm/loaders/GLTFLoader'",
      "license": "MIT",
      "peerDependencies": {
        "three": ">=0.111.0"
      }
    }
  }
}
